
Microsoft Visual Studio Solution File, Format Version 12.00
# Visual Studio Version 17
VisualStudioVersion = 17.2.32526.322
MinimumVisualStudioVersion = 10.0.40219.1
Project("{FAE04EC0-301F-11D3-BF4B-00C04F79EFBC}") = "lab_2", "lab_2\lab_2.csproj", "{4DF6101A-9972-4046-83F3-87B200C35283}"
EndProject
Global
	GlobalSection(SolutionConfigurationPlatforms) = preSolution
		Debug|Any CPU = Debug|Any CPU
		Release|Any CPU = Release|Any CPU
	EndGlobalSection
	GlobalSection(ProjectConfigurationPlatforms) = postSolution
		{4DF6101A-9972-4046-83F3-87B200C35283}.Debug|Any CPU.ActiveCfg = Debug|Any CPU
		{4DF6101A-9972-4046-83F3-87B200C35283}.Debug|Any CPU.Build.0 = Debug|Any CPU
		{4DF6101A-9972-4046-83F3-87B200C35283}.Release|Any CPU.ActiveCfg = Release|Any CPU
		{4DF6101A-9972-4046-83F3-87B200C35283}.Release|Any CPU.Build.0 = Release|Any CPU
	EndGlobalSection
	GlobalSection(SolutionProperties) = preSolution
		HideSolutionNode = FALSE
	EndGlobalSection
	GlobalSection(ExtensibilityGlobals) = postSolution
		SolutionGuid = {D70E1542-EB2D-4E5B-928F-6641E72466F1}
	EndGlobalSection
EndGlobal
